// !$*UTF8*$!
{
	archiveVersion = 1;
	classes = {
	};
	objectVersion = 56;
	objects = {

/* Begin PBXBuildFile section */
		EC8367602A7F9E8D00B98674 /* LoginViewController.swift in Sources */ = {isa = PBXBuildFile; fileRef = EC83675F2A7F9E8D00B98674 /* LoginViewController.swift */; };
		EC8367622A7FA06E00B98674 /* SignUPViewController.swift in Sources */ = {isa = PBXBuildFile; fileRef = EC8367612A7FA06E00B98674 /* SignUPViewController.swift */; };
		EC8367662A7FA53000B98674 /* GoogleService-Info.plist in Resources */ = {isa = PBXBuildFile; fileRef = EC8367652A7FA53000B98674 /* GoogleService-Info.plist */; };
		EC8367692A7FA7F500B98674 /* FirebaseAuth in Frameworks */ = {isa = PBXBuildFile; productRef = EC8367682A7FA7F500B98674 /* FirebaseAuth */; };
		EC85ED212A7148F200759674 /* AppDelegate.swift in Sources */ = {isa = PBXBuildFile; fileRef = EC85ED202A7148F200759674 /* AppDelegate.swift */; };
		EC85ED232A7148F200759674 /* SceneDelegate.swift in Sources */ = {isa = PBXBuildFile; fileRef = EC85ED222A7148F200759674 /* SceneDelegate.swift */; };
		EC85ED252A7148F200759674 /* ViewController.swift in Sources */ = {isa = PBXBuildFile; fileRef = EC85ED242A7148F200759674 /* ViewController.swift */; };
		EC85ED282A7148F200759674 /* Main.storyboard in Resources */ = {isa = PBXBuildFile; fileRef = EC85ED262A7148F200759674 /* Main.storyboard */; };
		EC85ED2A2A7148F300759674 /* Assets.xcassets in Resources */ = {isa = PBXBuildFile; fileRef = EC85ED292A7148F300759674 /* Assets.xcassets */; };
		EC85ED2D2A7148F300759674 /* LaunchScreen.storyboard in Resources */ = {isa = PBXBuildFile; fileRef = EC85ED2B2A7148F300759674 /* LaunchScreen.storyboard */; };
/* End PBXBuildFile section */

/* Begin PBXFileReference section */
		EC83675F2A7F9E8D00B98674 /* LoginViewController.swift */ = {isa = PBXFileReference; lastKnownFileType = sourcecode.swift; path = LoginViewController.swift; sourceTree = "<group>"; };
		EC8367612A7FA06E00B98674 /* SignUPViewController.swift */ = {isa = PBXFileReference; lastKnownFileType = sourcecode.swift; path = SignUPViewController.swift; sourceTree = "<group>"; };
		EC8367652A7FA53000B98674 /* GoogleService-Info.plist */ = {isa = PBXFileReference; fileEncoding = 4; lastKnownFileType = text.plist.xml; path = "GoogleService-Info.plist"; sourceTree = "<group>"; };
		EC85ED1D2A7148F200759674 /* StageFearVR.app */ = {isa = PBXFileReference; explicitFileType = wrapper.application; includeInIndex = 0; path = StageFearVR.app; sourceTree = BUILT_PRODUCTS_DIR; };
		EC85ED202A7148F200759674 /* AppDelegate.swift */ = {isa = PBXFileReference; lastKnownFileType = sourcecode.swift; path = AppDelegate.swift; sourceTree = "<group>"; };
		EC85ED222A7148F200759674 /* SceneDelegate.swift */ = {isa = PBXFileReference; lastKnownFileType = sourcecode.swift; path = SceneDelegate.swift; sourceTree = "<group>"; };
		EC85ED242A7148F200759674 /* ViewController.swift */ = {isa = PBXFileReference; lastKnownFileType = sourcecode.swift; path = ViewController.swift; sourceTree = "<group>"; };
		EC85ED272A7148F200759674 /* Base */ = {isa = PBXFileReference; lastKnownFileType = file.storyboard; name = Base; path = Base.lproj/Main.storyboard; sourceTree = "<group>"; };
		EC85ED292A7148F300759674 /* Assets.xcassets */ = {isa = PBXFileReference; lastKnownFileType = folder.assetcatalog; path = Assets.xcassets; sourceTree = "<group>"; };
		EC85ED2C2A7148F300759674 /* Base */ = {isa = PBXFileReference; lastKnownFileType = file.storyboard; name = Base; path = Base.lproj/LaunchScreen.storyboard; sourceTree = "<group>"; };
		EC85ED2E2A7148F300759674 /* Info.plist */ = {isa = PBXFileReference; lastKnownFileType = text.plist.xml; path = Info.plist; sourceTree = "<group>"; };
/* End PBXFileReference section */

/* Begin PBXFrameworksBuildPhase section */
		EC85ED1A2A7148F200759674 /* Frameworks */ = {
			isa = PBXFrameworksBuildPhase;
			buildActionMask = 2147483647;
			files = (
				EC8367692A7FA7F500B98674 /* FirebaseAuth in Frameworks */,
			);
			runOnlyForDeploymentPostprocessing = 0;
		};
/* End PBXFrameworksBuildPhase section */

/* Begin PBXGroup section */
		EC85ED142A7148F200759674 = {
			isa = PBXGroup;
			children = (
				EC85ED1F2A7148F200759674 /* StageFearVR */,
				EC85ED1E2A7148F200759674 /* Products */,
			);
			sourceTree = "<group>";
		};
		EC85ED1E2A7148F200759674 /* Products */ = {
			isa = PBXGroup;
			children = (
				EC85ED1D2A7148F200759674 /* StageFearVR.app */,
			);
			name = Products;
			sourceTree = "<group>";
		};
		EC85ED1F2A7148F200759674 /* StageFearVR */ = {
			isa = PBXGroup;
			children = (
				EC85ED202A7148F200759674 /* AppDelegate.swift */,
				EC85ED222A7148F200759674 /* SceneDelegate.swift */,
				EC85ED242A7148F200759674 /* ViewController.swift */,
				EC85ED262A7148F200759674 /* Main.storyboard */,
				EC83675F2A7F9E8D00B98674 /* LoginViewController.swift */,
				EC8367612A7FA06E00B98674 /* SignUPViewController.swift */,
				EC85ED292A7148F300759674 /* Assets.xcassets */,
				EC85ED2B2A7148F300759674 /* LaunchScreen.storyboard */,
				EC85ED2E2A7148F300759674 /* Info.plist */,
				EC8367652A7FA53000B98674 /* GoogleService-Info.plist */,
			);
			path = StageFearVR;
			sourceTree = "<group>";
		};
/* End PBXGroup section */

/* Begin PBXNativeTarget section */
		EC85ED1C2A7148F200759674 /* StageFearVR */ = {
			isa = PBXNativeTarget;
			buildConfigurationList = EC85ED312A7148F300759674 /* Build configuration list for PBXNativeTarget "StageFearVR" */;
			buildPhases = (
				EC85ED192A7148F200759674 /* Sources */,
				EC85ED1A2A7148F200759674 /* Frameworks */,
				EC85ED1B2A7148F200759674 /* Resources */,
			);
			buildRules = (
			);
			dependencies = (
			);
			name = StageFearVR;
			packageProductDependencies = (
				EC8367682A7FA7F500B98674 /* FirebaseAuth */,
			);
			productName = StageFearVR;
			productReference = EC85ED1D2A7148F200759674 /* StageFearVR.app */;
			productType = "com.apple.product-type.application";
		};
/* End PBXNativeTarget section */

/* Begin PBXProject section */
		EC85ED152A7148F200759674 /* Project object */ = {
			isa = PBXProject;
			attributes = {
				BuildIndependentTargetsInParallel = 1;
				LastSwiftUpdateCheck = 1420;
				LastUpgradeCheck = 1420;
				TargetAttributes = {
					EC85ED1C2A7148F200759674 = {
						CreatedOnToolsVersion = 14.2;
					};
				};
			};
			buildConfigurationList = EC85ED182A7148F200759674 /* Build configuration list for PBXProject "StageFearVR" */;
			compatibilityVersion = "Xcode 14.0";
			developmentRegion = en;
			hasScannedForEncodings = 0;
			knownRegions = (
				en,
				Base,
			);
			mainGroup = EC85ED142A7148F200759674;
			packageReferences = (
				EC8367672A7FA7F500B98674 /* XCRemoteSwiftPackageReference "firebase-ios-sdk" */,
			);
			productRefGroup = EC85ED1E2A7148F200759674 /* Products */;
			projectDirPath = "";
			projectRoot = "";
			targets = (
				EC85ED1C2A7148F200759674 /* StageFearVR */,
			);
		};
/* End PBXProject section */

/* Begin PBXResourcesBuildPhase section */
		EC85ED1B2A7148F200759674 /* Resources */ = {
			isa = PBXResourcesBuildPhase;
			buildActionMask = 2147483647;
			files = (
				EC85ED2D2A7148F300759674 /* LaunchScreen.storyboard in Resources */,
				EC8367662A7FA53000B98674 /* GoogleService-Info.plist in Resources */,
				EC85ED2A2A7148F300759674 /* Assets.xcassets in Resources */,
				EC85ED282A7148F200759674 /* Main.storyboard in Resources */,
			);
			runOnlyForDeploymentPostprocessing = 0;
		};
/* End PBXResourcesBuildPhase section */

/* Begin PBXSourcesBuildPhase section */
		EC85ED192A7148F200759674 /* Sources */ = {
			isa = PBXSourcesBuildPhase;
			buildActionMask = 2147483647;
			files = (
				EC8367622A7FA06E00B98674 /* SignUPViewController.swift in Sources */,
				EC8367602A7F9E8D00B98674 /* LoginViewController.swift in Sources */,
				EC85ED252A7148F200759674 /* ViewController.swift in Sources */,
				EC85ED212A7148F200759674 /* AppDelegate.swift in Sources */,
				EC85ED232A7148F200759674 /* SceneDelegate.swift in Sources */,
			);
			runOnlyForDeploymentPostprocessing = 0;
		};
/* End PBXSourcesBuildPhase section */

/* Begin PBXVariantGroup section */
		EC85ED262A7148F200759674 /* Main.storyboard */ = {
			isa = PBXVariantGroup;
			children = (
				EC85ED272A7148F200759674 /* Base */,
			);
			name = Main.storyboard;
			sourceTree = "<group>";
		};
		EC85ED2B2A7148F300759674 /* LaunchScreen.storyboard */ = {
			isa = PBXVariantGroup;
			children = (
				EC85ED2C2A7148F300759674 /* Base */,
			);
			name = LaunchScreen.storyboard;
			sourceTree = "<group>";
		};
/* End PBXVariantGroup section */

/* Begin XCBuildConfiguration section */
		EC85ED2F2A7148F300759674 /* Debug */ = {
			isa = XCBuildConfiguration;
			buildSettings = {
				ALWAYS_SEARCH_USER_PATHS = NO;
				CLANG_ANALYZER_NONNULL = YES;
				CLANG_ANALYZER_NUMBER_OBJECT_CONVERSION = YES_AGGRESSIVE;
				CLANG_CXX_LANGUAGE_STANDARD = "gnu++20";
				CLANG_ENABLE_MODULES = YES;
				CLANG_ENABLE_OBJC_ARC = YES;
				CLANG_ENABLE_OBJC_WEAK = YES;
				CLANG_WARN_BLOCK_CAPTURE_AUTORELEASING = YES;
				CLANG_WARN_BOOL_CONVERSION = YES;
				CLANG_WARN_COMMA = YES;
				CLANG_WARN_CONSTANT_CONVERSION = YES;
				CLANG_WARN_DEPRECATED_OBJC_IMPLEMENTATIONS = YES;
				CLANG_WARN_DIRECT_OBJC_ISA_USAGE = YES_ERROR;
				CLANG_WARN_DOCUMENTATION_COMMENTS = YES;
				CLANG_WARN_EMPTY_BODY = YES;
				CLANG_WARN_ENUM_CONVERSION = YES;
				CLANG_WARN_INFINITE_RECURSION = YES;
				CLANG_WARN_INT_CONVERSION = YES;
				CLANG_WARN_NON_LITERAL_NULL_CONVERSION = YES;
				CLANG_WARN_OBJC_IMPLICIT_RETAIN_SELF = YES;
				CLANG_WARN_OBJC_LITERAL_CONVERSION = YES;
				CLANG_WARN_OBJC_ROOT_CLASS = YES_ERROR;
				CLANG_WARN_QUOTED_INCLUDE_IN_FRAMEWORK_HEADER = YES;
				CLANG_WARN_RANGE_LOOP_ANALYSIS = YES;
				CLANG_WARN_STRICT_PROTOTYPES = YES;
				CLANG_WARN_SUSPICIOUS_MOVE = YES;
				CLANG_WARN_UNGUARDED_AVAILABILITY = YES_AGGRESSIVE;
				CLANG_WARN_UNREACHABLE_CODE = YES;
				CLANG_WARN__DUPLICATE_METHOD_MATCH = YES;
				COPY_PHASE_STRIP = NO;
				DEBUG_INFORMATION_FORMAT = dwarf;
				ENABLE_STRICT_OBJC_MSGSEND = YES;
				ENABLE_TESTABILITY = YES;
				GCC_C_LANGUAGE_STANDARD = gnu11;
				GCC_DYNAMIC_NO_PIC = NO;
				GCC_NO_COMMON_BLOCKS = YES;
				GCC_OPTIMIZATION_LEVEL = 0;
				GCC_PREPROCESSOR_DEFINITIONS = (
					"DEBUG=1",
					"$(inherited)",
				);
				GCC_WARN_64_TO_32_BIT_CONVERSION = YES;
				GCC_WARN_ABOUT_RETURN_TYPE = YES_ERROR;
				GCC_WARN_UNDECLARED_SELECTOR = YES;
				GCC_WARN_UNINITIALIZED_AUTOS = YES_AGGRESSIVE;
				GCC_WARN_UNUSED_FUNCTION = YES;
				GCC_WARN_UNUSED_VARIABLE = YES;
				IPHONEOS_DEPLOYMENT_TARGET = 16.2;
				MTL_ENABLE_DEBUG_INFO = INCLUDE_SOURCE;
				MTL_FAST_MATH = YES;
				ONLY_ACTIVE_ARCH = YES;
				SDKROOT = iphoneos;
				SWIFT_ACTIVE_COMPILATION_CONDITIONS = DEBUG;
				SWIFT_OPTIMIZATION_LEVEL = "-Onone";
			};
			name = Debug;
		};
		EC85ED302A7148F300759674 /* Release */ = {
			isa = XCBuildConfiguration;
			buildSettings = {
				ALWAYS_SEARCH_USER_PATHS = NO;
				CLANG_ANALYZER_NONNULL = YES;
				CLANG_ANALYZER_NUMBER_OBJECT_CONVERSION = YES_AGGRESSIVE;
				CLANG_CXX_LANGUAGE_STANDARD = "gnu++20";
				CLANG_ENABLE_MODULES = YES;
				CLANG_ENABLE_OBJC_ARC = YES;
				CLANG_ENABLE_OBJC_WEAK = YES;
				CLANG_WARN_BLOCK_CAPTURE_AUTORELEASING = YES;
				CLANG_WARN_BOOL_CONVERSION = YES;
				CLANG_WARN_COMMA = YES;
				CLANG_WARN_CONSTANT_CONVERSION = YES;
				CLANG_WARN_DEPRECATED_OBJC_IMPLEMENTATIONS = YES;
				CLANG_WARN_DIRECT_OBJC_ISA_USAGE = YES_ERROR;
				CLANG_WARN_DOCUMENTATION_COMMENTS = YES;
				CLANG_WARN_EMPTY_BODY = YES;
				CLANG_WARN_ENUM_CONVERSION = YES;
				CLANG_WARN_INFINITE_RECURSION = YES;
				CLANG_WARN_INT_CONVERSION = YES;
				CLANG_WARN_NON_LITERAL_NULL_CONVERSION = YES;
				CLANG_WARN_OBJC_IMPLICIT_RETAIN_SELF = YES;
				CLANG_WARN_OBJC_LITERAL_CONVERSION = YES;
				CLANG_WARN_OBJC_ROOT_CLASS = YES_ERROR;
				CLANG_WARN_QUOTED_INCLUDE_IN_FRAMEWORK_HEADER = YES;
				CLANG_WARN_RANGE_LOOP_ANALYSIS = YES;
				CLANG_WARN_STRICT_PROTOTYPES = YES;
				CLANG_WARN_SUSPICIOUS_MOVE = YES;
				CLANG_WARN_UNGUARDED_AVAILABILITY = YES_AGGRESSIVE;
				CLANG_WARN_UNREACHABLE_CODE = YES;
				CLANG_WARN__DUPLICATE_METHOD_MATCH = YES;
				COPY_PHASE_STRIP = NO;
				DEBUG_INFORMATION_FORMAT = "dwarf-with-dsym";
				ENABLE_NS_ASSERTIONS = NO;
				ENABLE_STRICT_OBJC_MSGSEND = YES;
				GCC_C_LANGUAGE_STANDARD = gnu11;
				GCC_NO_COMMON_BLOCKS = YES;
				GCC_WARN_64_TO_32_BIT_CONVERSION = YES;
				GCC_WARN_ABOUT_RETURN_TYPE = YES_ERROR;
				GCC_WARN_UNDECLARED_SELECTOR = YES;
				GCC_WARN_UNINITIALIZED_AUTOS = YES_AGGRESSIVE;
				GCC_WARN_UNUSED_FUNCTION = YES;
				GCC_WARN_UNUSED_VARIABLE = YES;
				IPHONEOS_DEPLOYMENT_TARGET = 16.2;
				MTL_ENABLE_DEBUG_INFO = NO;
				MTL_FAST_MATH = YES;
				SDKROOT = iphoneos;
				SWIFT_COMPILATION_MODE = wholemodule;
				SWIFT_OPTIMIZATION_LEVEL = "-O";
				VALIDATE_PRODUCT = YES;
			};
			name = Release;
		};
		EC85ED322A7148F300759674 /* Debug */ = {
			isa = XCBuildConfiguration;
			buildSettings = {
				ASSETCATALOG_COMPILER_APPICON_NAME = AppIcon;
				ASSETCATALOG_COMPILER_GLOBAL_ACCENT_COLOR_NAME = AccentColor;
				CODE_SIGN_STYLE = Automatic;
				CURRENT_PROJECT_VERSION = 1;
				DEVELOPMENT_TEAM = MY4PTDGF7J;
				GENERATE_INFOPLIST_FILE = YES;
				INFOPLIST_FILE = StageFearVR/Info.plist;
				INFOPLIST_KEY_UIApplicationSupportsIndirectInputEvents = YES;
				INFOPLIST_KEY_UILaunchStoryboardName = LaunchScreen;
				INFOPLIST_KEY_UIMainStoryboardFile = Main;
				INFOPLIST_KEY_UISupportedInterfaceOrientations_iPad = "UIInterfaceOrientationPortrait UIInterfaceOrientationPortraitUpsideDown UIInterfaceOrientationLandscapeLeft UIInterfaceOrientationLandscapeRight";
				INFOPLIST_KEY_UISupportedInterfaceOrientations_iPhone = "UIInterfaceOrientationPortrait UIInterfaceOrientationLandscapeLeft UIInterfaceOrientationLandscapeRight";
				LD_RUNPATH_SEARCH_PATHS = (
					"$(inherited)",
					"@executable_path/Frameworks",
				);
				MARKETING_VERSION = 1.0;
				PRODUCT_BUNDLE_IDENTIFIER = com.anusha.StageFearVR;
				PRODUCT_NAME = "$(TARGET_NAME)";
				SWIFT_EMIT_LOC_STRINGS = YES;
				SWIFT_VERSION = 5.0;
				TARGETED_DEVICE_FAMILY = "1,2";
			};
			name = Debug;
		};
		EC85ED332A7148F300759674 /* Release */ = {
			isa = XCBuildConfiguration;
			buildSettings = {
				ASSETCATALOG_COMPILER_APPICON_NAME = AppIcon;
				ASSETCATALOG_COMPILER_GLOBAL_ACCENT_COLOR_NAME = AccentColor;
				CODE_SIGN_STYLE = Automatic;
				CURRENT_PROJECT_VERSION = 1;
				DEVELOPMENT_TEAM = MY4PTDGF7J;
				GENERATE_INFOPLIST_FILE = YES;
				INFOPLIST_FILE = StageFearVR/Info.plist;
				INFOPLIST_KEY_UIApplicationSupportsIndirectInputEvents = YES;
				INFOPLIST_KEY_UILaunchStoryboardName = LaunchScreen;
				INFOPLIST_KEY_UIMainStoryboardFile = Main;
				INFOPLIST_KEY_UISupportedInterfaceOrientations_iPad = "UIInterfaceOrientationPortrait UIInterfaceOrientationPortraitUpsideDown UIInterfaceOrientationLandscapeLeft UIInterfaceOrientationLandscapeRight";
				INFOPLIST_KEY_UISupportedInterfaceOrientations_iPhone = "UIInterfaceOrientationPortrait UIInterfaceOrientationLandscapeLeft UIInterfaceOrientationLandscapeRight";
				LD_RUNPATH_SEARCH_PATHS = (
					"$(inherited)",
					"@executable_path/Frameworks",
				);
				MARKETING_VERSION = 1.0;
				PRODUCT_BUNDLE_IDENTIFIER = com.anusha.StageFearVR;
				PRODUCT_NAME = "$(TARGET_NAME)";
				SWIFT_EMIT_LOC_STRINGS = YES;
				SWIFT_VERSION = 5.0;
				TARGETED_DEVICE_FAMILY = "1,2";
			};
			name = Release;
		};
/* End XCBuildConfiguration section */

/* Begin XCConfigurationList section */
		EC85ED182A7148F200759674 /* Build configuration list for PBXProject "StageFearVR" */ = {
			isa = XCConfigurationList;
			buildConfigurations = (
				EC85ED2F2A7148F300759674 /* Debug */,
				EC85ED302A7148F300759674 /* Release */,
			);
			defaultConfigurationIsVisible = 0;
			defaultConfigurationName = Release;
		};
		EC85ED312A7148F300759674 /* Build configuration list for PBXNativeTarget "StageFearVR" */ = {
			isa = XCConfigurationList;
			buildConfigurations = (
				EC85ED322A7148F300759674 /* Debug */,
				EC85ED332A7148F300759674 /* Release */,
			);
			defaultConfigurationIsVisible = 0;
			defaultConfigurationName = Release;
		};
/* End XCConfigurationList section */

/* Begin XCRemoteSwiftPackageReference section */
		EC8367672A7FA7F500B98674 /* XCRemoteSwiftPackageReference "firebase-ios-sdk" */ = {
			isa = XCRemoteSwiftPackageReference;
			repositoryURL = "https://github.com/firebase/firebase-ios-sdk";
			requirement = {
				kind = upToNextMajorVersion;
				minimumVersion = 9.0.0;
			};
		};
/* End XCRemoteSwiftPackageReference section */

/* Begin XCSwiftPackageProductDependency section */
		EC8367682A7FA7F500B98674 /* FirebaseAuth */ = {
			isa = XCSwiftPackageProductDependency;
			package = EC8367672A7FA7F500B98674 /* XCRemoteSwiftPackageReference "firebase-ios-sdk" */;
			productName = FirebaseAuth;
		};
/* End XCSwiftPackageProductDependency section */
	};
	rootObject = EC85ED152A7148F200759674 /* Project object */;
}
